
Microsoft Visual Studio Solution File, Format Version 12.00
# Visual Studio Version 16
VisualStudioVersion = 16.0.32228.343
MinimumVisualStudioVersion = 10.0.40219.1
Project("{FAE04EC0-301F-11D3-BF4B-00C04F79EFBC}") = "AS2122_4E_INF_Cordioli_Calcolatrice", "AS2122_4E_INF_Cordioli_Calcolatrice\AS2122_4E_INF_Cordioli_Calcolatrice.csproj", "{12E0D130-EEEE-4685-9665-58F1FC1D63D9}"
EndProject
Global
	GlobalSection(SolutionConfigurationPlatforms) = preSolution
		Debug|Any CPU = Debug|Any CPU
		Release|Any CPU = Release|Any CPU
	EndGlobalSection
	GlobalSection(ProjectConfigurationPlatforms) = postSolution
		{12E0D130-EEEE-4685-9665-58F1FC1D63D9}.Debug|Any CPU.ActiveCfg = Debug|Any CPU
		{12E0D130-EEEE-4685-9665-58F1FC1D63D9}.Debug|Any CPU.Build.0 = Debug|Any CPU
		{12E0D130-EEEE-4685-9665-58F1FC1D63D9}.Release|Any CPU.ActiveCfg = Release|Any CPU
		{12E0D130-EEEE-4685-9665-58F1FC1D63D9}.Release|Any CPU.Build.0 = Release|Any CPU
	EndGlobalSection
	GlobalSection(SolutionProperties) = preSolution
		HideSolutionNode = FALSE
	EndGlobalSection
	GlobalSection(ExtensibilityGlobals) = postSolution
		SolutionGuid = {6FD36DB3-E26D-4000-B8BE-13FF3A30BA95}
	EndGlobalSection
EndGlobal
